{
  "nodes": {
    "crocoddyl": {
      "inputs": {
        "flake-parts": [
          "sobec",
          "flake-parts"
        ],
        "nixpkgs": [
          "sobec",
          "nixpkgs"
        ]
      },
      "locked": {
        "lastModified": 1727191344,
        "narHash": "sha256-P/owVeneYWy9UREFHWViNGl4WDU7J9TgrksOSPWhxS0=",
        "owner": "LudovicDeMatteis",
        "repo": "crocoddyl",
        "rev": "257f6081146bec60e3c099909ea2afe7f60ca78f",
        "type": "github"
      },
      "original": {
        "owner": "LudovicDeMatteis",
        "ref": "topic/contact-6D-closed-loop",
        "repo": "crocoddyl",
        "type": "github"
      }
    },
    "example-parallel-robots": {
      "inputs": {
        "flake-parts": [
          "flake-parts"
        ],
        "nixpkgs": [
          "nixpkgs"
        ],
        "toolbox-parallel-robots": "toolbox-parallel-robots"
      },
      "locked": {
        "lastModified": 1739747871,
        "narHash": "sha256-vzYbr19o97Ow5QVP/J9WYr+mju5FlIoBxsheRCE3Vwg=",
        "owner": "gepetto",
        "repo": "example-parallel-robots",
        "rev": "4e0e325601a36a364d5cc6142e4ec8a8d7c8890a",
        "type": "github"
      },
      "original": {
        "owner": "gepetto",
        "repo": "example-parallel-robots",
        "type": "github"
      }
    },
    "flake-parts": {
      "inputs": {
        "nixpkgs-lib": "nixpkgs-lib"
      },
      "locked": {
        "lastModified": 1738453229,
        "narHash": "sha256-7H9XgNiGLKN1G1CgRh0vUL4AheZSYzPm+zmZ7vxbJdo=",
        "owner": "hercules-ci",
        "repo": "flake-parts",
        "rev": "32ea77a06711b758da0ad9bd6a844c5740a87abd",
        "type": "github"
      },
      "original": {
        "owner": "hercules-ci",
        "repo": "flake-parts",
        "type": "github"
      }
    },
    "nixpkgs": {
      "locked": {
        "lastModified": 1727174734,
        "narHash": "sha256-xa3TynMF5vaWonmTOg/Ejc1Fmo0GkQnCaVRVkBc3z2I=",
        "owner": "gepetto",
        "repo": "nixpkgs",
        "rev": "0ad139a0e4372abc12320c8c92ee90e0e5e296e1",
        "type": "github"
      },
      "original": {
        "owner": "gepetto",
        "ref": "master",
        "repo": "nixpkgs",
        "type": "github"
      }
    },
    "nixpkgs-lib": {
      "locked": {
        "lastModified": 1738452942,
        "narHash": "sha256-vJzFZGaCpnmo7I6i416HaBLpC+hvcURh/BQwROcGIp8=",
        "type": "tarball",
        "url": "https://github.com/NixOS/nixpkgs/archive/072a6db25e947df2f31aab9eccd0ab75d5b2da11.tar.gz"
      },
      "original": {
        "type": "tarball",
        "url": "https://github.com/NixOS/nixpkgs/archive/072a6db25e947df2f31aab9eccd0ab75d5b2da11.tar.gz"
      }
    },
    "root": {
      "inputs": {
        "example-parallel-robots": "example-parallel-robots",
        "flake-parts": "flake-parts",
        "nixpkgs": "nixpkgs",
        "sobec": "sobec",
        "toolbox-parallel-robots": "toolbox-parallel-robots_2"
      }
    },
    "sobec": {
      "inputs": {
        "crocoddyl": "crocoddyl",
        "flake-parts": [
          "flake-parts"
        ],
        "nixpkgs": [
          "nixpkgs"
        ]
      },
      "locked": {
        "lastModified": 1728053809,
        "narHash": "sha256-aOOShrwHkzBuo37hHHdbpdOClzWBgTlYwGHb//VUZ+U=",
        "owner": "LudovicDeMatteis",
        "repo": "sobec",
        "rev": "ba01447e56910d6f7b3b246575668bbb1812af20",
        "type": "github"
      },
      "original": {
        "owner": "LudovicDeMatteis",
        "ref": "icra-2025",
        "repo": "sobec",
        "type": "github"
      }
    },
    "toolbox-parallel-robots": {
      "inputs": {
        "flake-parts": [
          "example-parallel-robots",
          "flake-parts"
        ],
        "nixpkgs": [
          "example-parallel-robots",
          "nixpkgs"
        ]
      },
      "locked": {
        "lastModified": 1739231359,
        "narHash": "sha256-ziyp8pKapgWYr44QggbeuuHRHsXyaMu5xtjFxyKwzXA=",
        "owner": "Gepetto",
        "repo": "toolbox-parallel-robots",
        "rev": "2d431be59856492ccb10b6c9755977d81c222778",
        "type": "github"
      },
      "original": {
        "owner": "Gepetto",
        "repo": "toolbox-parallel-robots",
        "type": "github"
      }
    },
    "toolbox-parallel-robots_2": {
      "inputs": {
        "flake-parts": [
          "flake-parts"
        ],
        "nixpkgs": [
          "nixpkgs"
        ]
      },
      "locked": {
        "lastModified": 1739231359,
        "narHash": "sha256-ziyp8pKapgWYr44QggbeuuHRHsXyaMu5xtjFxyKwzXA=",
        "owner": "gepetto",
        "repo": "toolbox-parallel-robots",
        "rev": "2d431be59856492ccb10b6c9755977d81c222778",
        "type": "github"
      },
      "original": {
        "owner": "gepetto",
        "repo": "toolbox-parallel-robots",
        "type": "github"
      }
    }
  },
  "root": "root",
  "version": 7
}
